
Microsoft Visual Studio Solution File, Format Version 12.00
# Visual Studio Version 17
VisualStudioVersion = 17.11.35222.181
MinimumVisualStudioVersion = 10.0.40219.1
Project("{FAE04EC0-301F-11D3-BF4B-00C04F79EFBC}") = "BackCine", "BackCine\BackCine.csproj", "{9727F002-3CC3-465E-9544-306944ADB4E6}"
EndProject
Project("{FAE04EC0-301F-11D3-BF4B-00C04F79EFBC}") = "CineWebApi", "CineWebApi\CineWebApi.csproj", "{546BC9F9-33A4-41FF-94B7-3958CFAC25D8}"
EndProject
Global
	GlobalSection(SolutionConfigurationPlatforms) = preSolution
		Debug|Any CPU = Debug|Any CPU
		Release|Any CPU = Release|Any CPU
	EndGlobalSection
	GlobalSection(ProjectConfigurationPlatforms) = postSolution
		{9727F002-3CC3-465E-9544-306944ADB4E6}.Debug|Any CPU.ActiveCfg = Debug|Any CPU
		{9727F002-3CC3-465E-9544-306944ADB4E6}.Debug|Any CPU.Build.0 = Debug|Any CPU
		{9727F002-3CC3-465E-9544-306944ADB4E6}.Release|Any CPU.ActiveCfg = Release|Any CPU
		{9727F002-3CC3-465E-9544-306944ADB4E6}.Release|Any CPU.Build.0 = Release|Any CPU
		{546BC9F9-33A4-41FF-94B7-3958CFAC25D8}.Debug|Any CPU.ActiveCfg = Debug|Any CPU
		{546BC9F9-33A4-41FF-94B7-3958CFAC25D8}.Debug|Any CPU.Build.0 = Debug|Any CPU
		{546BC9F9-33A4-41FF-94B7-3958CFAC25D8}.Release|Any CPU.ActiveCfg = Release|Any CPU
		{546BC9F9-33A4-41FF-94B7-3958CFAC25D8}.Release|Any CPU.Build.0 = Release|Any CPU
	EndGlobalSection
	GlobalSection(SolutionProperties) = preSolution
		HideSolutionNode = FALSE
	EndGlobalSection
	GlobalSection(ExtensibilityGlobals) = postSolution
		SolutionGuid = {3188CD98-1A8A-4194-ABA4-24580889D892}
	EndGlobalSection
EndGlobal
